{
  "name": "accounting-assist",
  "version": "1.2.1",
  "lockfileVersion": 3,
  "requires": true,
  "packages": {
    "": {
      "name": "accounting-assist",
      "version": "1.2.1",
      "dependencies": {
        "react": "^18.2.0",
        "react-dom": "^18.2.0"
      },
      "devDependencies": {
        "@vitejs/plugin-react": "^4.3.1",
        "vite": "^5.2.0"
      }
    }
  }
}